
Microsoft Visual Studio Solution File, Format Version 12.00
# Visual Studio Version 16
VisualStudioVersion = 16.0.30907.101
MinimumVisualStudioVersion = 10.0.40219.1
Project("{9A19103F-16F7-4668-BE54-9A1E7A4F7556}") = "Loja.Domain", "Loja.Domain\Loja.Domain.csproj", "{B101C665-6E44-4A98-B353-310F691EE4E5}"
EndProject
Project("{9A19103F-16F7-4668-BE54-9A1E7A4F7556}") = "Loja.Web", "Loja.Web\Loja.Web.csproj", "{C5317C54-AFB5-4C12-B08F-9061C844FC87}"
EndProject
Project("{9A19103F-16F7-4668-BE54-9A1E7A4F7556}") = "Loja.Infra", "Loja.Infra\Loja.Infra.csproj", "{5D51F0FB-04C4-4B86-87D7-F4E988156FA8}"
EndProject
Project("{9A19103F-16F7-4668-BE54-9A1E7A4F7556}") = "Loja.Application", "Loja.Application\Loja.Application.csproj", "{1D3D2CD8-9770-435E-92DC-8981B2631664}"
EndProject
Project("{FAE04EC0-301F-11D3-BF4B-00C04F79EFBC}") = "Loja.API", "Loja.API\Loja.API.csproj", "{05D937DB-E638-45F0-8270-F6255BF53042}"
EndProject
Global
	GlobalSection(SolutionConfigurationPlatforms) = preSolution
		Debug|Any CPU = Debug|Any CPU
		Release|Any CPU = Release|Any CPU
	EndGlobalSection
	GlobalSection(ProjectConfigurationPlatforms) = postSolution
		{B101C665-6E44-4A98-B353-310F691EE4E5}.Debug|Any CPU.ActiveCfg = Debug|Any CPU
		{B101C665-6E44-4A98-B353-310F691EE4E5}.Debug|Any CPU.Build.0 = Debug|Any CPU
		{B101C665-6E44-4A98-B353-310F691EE4E5}.Release|Any CPU.ActiveCfg = Release|Any CPU
		{B101C665-6E44-4A98-B353-310F691EE4E5}.Release|Any CPU.Build.0 = Release|Any CPU
		{C5317C54-AFB5-4C12-B08F-9061C844FC87}.Debug|Any CPU.ActiveCfg = Debug|Any CPU
		{C5317C54-AFB5-4C12-B08F-9061C844FC87}.Debug|Any CPU.Build.0 = Debug|Any CPU
		{C5317C54-AFB5-4C12-B08F-9061C844FC87}.Release|Any CPU.ActiveCfg = Release|Any CPU
		{C5317C54-AFB5-4C12-B08F-9061C844FC87}.Release|Any CPU.Build.0 = Release|Any CPU
		{5D51F0FB-04C4-4B86-87D7-F4E988156FA8}.Debug|Any CPU.ActiveCfg = Debug|Any CPU
		{5D51F0FB-04C4-4B86-87D7-F4E988156FA8}.Debug|Any CPU.Build.0 = Debug|Any CPU
		{5D51F0FB-04C4-4B86-87D7-F4E988156FA8}.Release|Any CPU.ActiveCfg = Release|Any CPU
		{5D51F0FB-04C4-4B86-87D7-F4E988156FA8}.Release|Any CPU.Build.0 = Release|Any CPU
		{1D3D2CD8-9770-435E-92DC-8981B2631664}.Debug|Any CPU.ActiveCfg = Debug|Any CPU
		{1D3D2CD8-9770-435E-92DC-8981B2631664}.Debug|Any CPU.Build.0 = Debug|Any CPU
		{1D3D2CD8-9770-435E-92DC-8981B2631664}.Release|Any CPU.ActiveCfg = Release|Any CPU
		{1D3D2CD8-9770-435E-92DC-8981B2631664}.Release|Any CPU.Build.0 = Release|Any CPU
		{05D937DB-E638-45F0-8270-F6255BF53042}.Debug|Any CPU.ActiveCfg = Debug|Any CPU
		{05D937DB-E638-45F0-8270-F6255BF53042}.Debug|Any CPU.Build.0 = Debug|Any CPU
		{05D937DB-E638-45F0-8270-F6255BF53042}.Release|Any CPU.ActiveCfg = Release|Any CPU
		{05D937DB-E638-45F0-8270-F6255BF53042}.Release|Any CPU.Build.0 = Release|Any CPU
	EndGlobalSection
	GlobalSection(SolutionProperties) = preSolution
		HideSolutionNode = FALSE
	EndGlobalSection
	GlobalSection(ExtensibilityGlobals) = postSolution
		SolutionGuid = {C6191FD7-7294-43FA-8294-3ED2561F8327}
	EndGlobalSection
EndGlobal
